
Microsoft Visual Studio Solution File, Format Version 12.00
# Visual Studio Version 17
VisualStudioVersion = 17.5.2.0
MinimumVisualStudioVersion = 10.0.40219.1
Project("{FAE04EC0-301F-11D3-BF4B-00C04F79EFBC}") = "telefon_numarası", "telefon_numarası.csproj", "{37F98EAF-8007-6E5B-03FC-07D6688D4FE4}"
EndProject
Global
	GlobalSection(SolutionConfigurationPlatforms) = preSolution
		Debug|Any CPU = Debug|Any CPU
		Release|Any CPU = Release|Any CPU
	EndGlobalSection
	GlobalSection(ProjectConfigurationPlatforms) = postSolution
		{37F98EAF-8007-6E5B-03FC-07D6688D4FE4}.Debug|Any CPU.ActiveCfg = Debug|Any CPU
		{37F98EAF-8007-6E5B-03FC-07D6688D4FE4}.Debug|Any CPU.Build.0 = Debug|Any CPU
		{37F98EAF-8007-6E5B-03FC-07D6688D4FE4}.Release|Any CPU.ActiveCfg = Release|Any CPU
		{37F98EAF-8007-6E5B-03FC-07D6688D4FE4}.Release|Any CPU.Build.0 = Release|Any CPU
	EndGlobalSection
	GlobalSection(SolutionProperties) = preSolution
		HideSolutionNode = FALSE
	EndGlobalSection
	GlobalSection(ExtensibilityGlobals) = postSolution
		SolutionGuid = {9F6C31FC-614B-4A62-9FBF-CC0605879A3E}
	EndGlobalSection
EndGlobal
